
Microsoft Visual Studio Solution File, Format Version 12.00
# Visual Studio Version 16
VisualStudioVersion = 16.0.31321.278
MinimumVisualStudioVersion = 10.0.40219.1
Project("{2150E333-8FDC-42A3-9474-1A3956D46DE8}") = "Services", "Services", "{6FD96E8C-9927-4C67-B293-38EA4FD33676}"
EndProject
Project("{2150E333-8FDC-42A3-9474-1A3956D46DE8}") = "Catalog", "Catalog", "{2860E440-5B8D-4F58-981E-9AEEFD3C34BA}"
EndProject
Project("{9A19103F-16F7-4668-BE54-9A1E7A4F7556}") = "Catalog.API", "Services\Catalog\Catalog.API\Catalog.API.csproj", "{CDF653C7-CAFF-4B8F-9A74-00FF1CF12BD6}"
EndProject
Project("{E53339B2-1760-4266-BCC7-CA923CBCF16C}") = "docker-compose", "docker-compose.dcproj", "{FBC57C41-82BD-4E57-8D36-2B77654CF926}"
EndProject
Project("{2150E333-8FDC-42A3-9474-1A3956D46DE8}") = "Basket", "Basket", "{93D3E138-23B9-4026-ACBC-D385899600FE}"
EndProject
Project("{9A19103F-16F7-4668-BE54-9A1E7A4F7556}") = "Basket.API", "Services\Basket\Basket.API\Basket.API.csproj", "{464EC5DF-85FD-4D68-A519-F6BF864B2C10}"
	ProjectSection(ProjectDependencies) = postProject
		{E0D9D273-878C-42E8-87FF-B0C44C5327DC} = {E0D9D273-878C-42E8-87FF-B0C44C5327DC}
	EndProjectSection
EndProject
Project("{2150E333-8FDC-42A3-9474-1A3956D46DE8}") = "Discount", "Discount", "{8F042EA2-57AC-4420-AD12-F204EB5C452C}"
EndProject
Project("{9A19103F-16F7-4668-BE54-9A1E7A4F7556}") = "Discount.API", "Services\Discount\Discount.API\Discount.API.csproj", "{335087FD-FF60-4703-A135-F465B990BC99}"
EndProject
Project("{9A19103F-16F7-4668-BE54-9A1E7A4F7556}") = "Discount.Grpc", "Services\Discount\Discount.Grpc\Discount.Grpc.csproj", "{7DD59910-F784-4BC2-B015-8E09D99BAC51}"
EndProject
Project("{2150E333-8FDC-42A3-9474-1A3956D46DE8}") = "Ordering", "Ordering", "{D9788E4C-5AC1-4271-9B49-6EF96AA9CCB5}"
EndProject
Project("{9A19103F-16F7-4668-BE54-9A1E7A4F7556}") = "Ordering.API", "Services\Ordering\Ordering.API\Ordering.API.csproj", "{5F07676F-38AA-46B8-B9A0-7AF4857074C0}"
	ProjectSection(ProjectDependencies) = postProject
		{6F9E0821-D778-44A7-8EF2-6E40FCBE450C} = {6F9E0821-D778-44A7-8EF2-6E40FCBE450C}
	EndProjectSection
EndProject
Project("{9A19103F-16F7-4668-BE54-9A1E7A4F7556}") = "Ordering.Domain", "Services\Ordering\Ordering.Domain\Ordering.Domain.csproj", "{07A41497-5FC8-4A6F-9C1D-DDD895B23FC5}"
EndProject
Project("{9A19103F-16F7-4668-BE54-9A1E7A4F7556}") = "Ordering.Application", "Services\Ordering\Ordering.Application\Ordering.Application.csproj", "{04EF37B1-3FAB-4D30-9DEE-E57886EB66A9}"
EndProject
Project("{9A19103F-16F7-4668-BE54-9A1E7A4F7556}") = "Ordering.Infrastructure", "Services\Ordering\Ordering.Infrastructure\Ordering.Infrastructure.csproj", "{6F9E0821-D778-44A7-8EF2-6E40FCBE450C}"
	ProjectSection(ProjectDependencies) = postProject
		{04EF37B1-3FAB-4D30-9DEE-E57886EB66A9} = {04EF37B1-3FAB-4D30-9DEE-E57886EB66A9}
	EndProjectSection
EndProject
Project("{2150E333-8FDC-42A3-9474-1A3956D46DE8}") = "BuildingBlocks", "BuildingBlocks", "{13A5E5BA-D632-4F56-B358-855181F743A7}"
EndProject
Project("{FAE04EC0-301F-11D3-BF4B-00C04F79EFBC}") = "EventBus.Messages", "BuildingBlocks\EventBus.Messages\EventBus.Messages.csproj", "{E0D9D273-878C-42E8-87FF-B0C44C5327DC}"
EndProject
Global
	GlobalSection(SolutionConfigurationPlatforms) = preSolution
		Debug|Any CPU = Debug|Any CPU
		Release|Any CPU = Release|Any CPU
	EndGlobalSection
	GlobalSection(ProjectConfigurationPlatforms) = postSolution
		{CDF653C7-CAFF-4B8F-9A74-00FF1CF12BD6}.Debug|Any CPU.ActiveCfg = Debug|Any CPU
		{CDF653C7-CAFF-4B8F-9A74-00FF1CF12BD6}.Debug|Any CPU.Build.0 = Debug|Any CPU
		{CDF653C7-CAFF-4B8F-9A74-00FF1CF12BD6}.Release|Any CPU.ActiveCfg = Release|Any CPU
		{CDF653C7-CAFF-4B8F-9A74-00FF1CF12BD6}.Release|Any CPU.Build.0 = Release|Any CPU
		{FBC57C41-82BD-4E57-8D36-2B77654CF926}.Debug|Any CPU.ActiveCfg = Debug|Any CPU
		{FBC57C41-82BD-4E57-8D36-2B77654CF926}.Debug|Any CPU.Build.0 = Debug|Any CPU
		{FBC57C41-82BD-4E57-8D36-2B77654CF926}.Release|Any CPU.ActiveCfg = Release|Any CPU
		{FBC57C41-82BD-4E57-8D36-2B77654CF926}.Release|Any CPU.Build.0 = Release|Any CPU
		{464EC5DF-85FD-4D68-A519-F6BF864B2C10}.Debug|Any CPU.ActiveCfg = Debug|Any CPU
		{464EC5DF-85FD-4D68-A519-F6BF864B2C10}.Debug|Any CPU.Build.0 = Debug|Any CPU
		{464EC5DF-85FD-4D68-A519-F6BF864B2C10}.Release|Any CPU.ActiveCfg = Release|Any CPU
		{464EC5DF-85FD-4D68-A519-F6BF864B2C10}.Release|Any CPU.Build.0 = Release|Any CPU
		{335087FD-FF60-4703-A135-F465B990BC99}.Debug|Any CPU.ActiveCfg = Debug|Any CPU
		{335087FD-FF60-4703-A135-F465B990BC99}.Debug|Any CPU.Build.0 = Debug|Any CPU
		{335087FD-FF60-4703-A135-F465B990BC99}.Release|Any CPU.ActiveCfg = Release|Any CPU
		{335087FD-FF60-4703-A135-F465B990BC99}.Release|Any CPU.Build.0 = Release|Any CPU
		{7DD59910-F784-4BC2-B015-8E09D99BAC51}.Debug|Any CPU.ActiveCfg = Debug|Any CPU
		{7DD59910-F784-4BC2-B015-8E09D99BAC51}.Debug|Any CPU.Build.0 = Debug|Any CPU
		{7DD59910-F784-4BC2-B015-8E09D99BAC51}.Release|Any CPU.ActiveCfg = Release|Any CPU
		{7DD59910-F784-4BC2-B015-8E09D99BAC51}.Release|Any CPU.Build.0 = Release|Any CPU
		{5F07676F-38AA-46B8-B9A0-7AF4857074C0}.Debug|Any CPU.ActiveCfg = Debug|Any CPU
		{5F07676F-38AA-46B8-B9A0-7AF4857074C0}.Debug|Any CPU.Build.0 = Debug|Any CPU
		{5F07676F-38AA-46B8-B9A0-7AF4857074C0}.Release|Any CPU.ActiveCfg = Release|Any CPU
		{5F07676F-38AA-46B8-B9A0-7AF4857074C0}.Release|Any CPU.Build.0 = Release|Any CPU
		{07A41497-5FC8-4A6F-9C1D-DDD895B23FC5}.Debug|Any CPU.ActiveCfg = Debug|Any CPU
		{07A41497-5FC8-4A6F-9C1D-DDD895B23FC5}.Debug|Any CPU.Build.0 = Debug|Any CPU
		{07A41497-5FC8-4A6F-9C1D-DDD895B23FC5}.Release|Any CPU.ActiveCfg = Release|Any CPU
		{07A41497-5FC8-4A6F-9C1D-DDD895B23FC5}.Release|Any CPU.Build.0 = Release|Any CPU
		{04EF37B1-3FAB-4D30-9DEE-E57886EB66A9}.Debug|Any CPU.ActiveCfg = Debug|Any CPU
		{04EF37B1-3FAB-4D30-9DEE-E57886EB66A9}.Debug|Any CPU.Build.0 = Debug|Any CPU
		{04EF37B1-3FAB-4D30-9DEE-E57886EB66A9}.Release|Any CPU.ActiveCfg = Release|Any CPU
		{04EF37B1-3FAB-4D30-9DEE-E57886EB66A9}.Release|Any CPU.Build.0 = Release|Any CPU
		{6F9E0821-D778-44A7-8EF2-6E40FCBE450C}.Debug|Any CPU.ActiveCfg = Debug|Any CPU
		{6F9E0821-D778-44A7-8EF2-6E40FCBE450C}.Debug|Any CPU.Build.0 = Debug|Any CPU
		{6F9E0821-D778-44A7-8EF2-6E40FCBE450C}.Release|Any CPU.ActiveCfg = Release|Any CPU
		{6F9E0821-D778-44A7-8EF2-6E40FCBE450C}.Release|Any CPU.Build.0 = Release|Any CPU
		{E0D9D273-878C-42E8-87FF-B0C44C5327DC}.Debug|Any CPU.ActiveCfg = Debug|Any CPU
		{E0D9D273-878C-42E8-87FF-B0C44C5327DC}.Debug|Any CPU.Build.0 = Debug|Any CPU
		{E0D9D273-878C-42E8-87FF-B0C44C5327DC}.Release|Any CPU.ActiveCfg = Release|Any CPU
		{E0D9D273-878C-42E8-87FF-B0C44C5327DC}.Release|Any CPU.Build.0 = Release|Any CPU
	EndGlobalSection
	GlobalSection(SolutionProperties) = preSolution
		HideSolutionNode = FALSE
	EndGlobalSection
	GlobalSection(NestedProjects) = preSolution
		{2860E440-5B8D-4F58-981E-9AEEFD3C34BA} = {6FD96E8C-9927-4C67-B293-38EA4FD33676}
		{CDF653C7-CAFF-4B8F-9A74-00FF1CF12BD6} = {2860E440-5B8D-4F58-981E-9AEEFD3C34BA}
		{93D3E138-23B9-4026-ACBC-D385899600FE} = {6FD96E8C-9927-4C67-B293-38EA4FD33676}
		{464EC5DF-85FD-4D68-A519-F6BF864B2C10} = {93D3E138-23B9-4026-ACBC-D385899600FE}
		{8F042EA2-57AC-4420-AD12-F204EB5C452C} = {6FD96E8C-9927-4C67-B293-38EA4FD33676}
		{335087FD-FF60-4703-A135-F465B990BC99} = {8F042EA2-57AC-4420-AD12-F204EB5C452C}
		{7DD59910-F784-4BC2-B015-8E09D99BAC51} = {8F042EA2-57AC-4420-AD12-F204EB5C452C}
		{D9788E4C-5AC1-4271-9B49-6EF96AA9CCB5} = {6FD96E8C-9927-4C67-B293-38EA4FD33676}
		{5F07676F-38AA-46B8-B9A0-7AF4857074C0} = {D9788E4C-5AC1-4271-9B49-6EF96AA9CCB5}
		{07A41497-5FC8-4A6F-9C1D-DDD895B23FC5} = {D9788E4C-5AC1-4271-9B49-6EF96AA9CCB5}
		{04EF37B1-3FAB-4D30-9DEE-E57886EB66A9} = {D9788E4C-5AC1-4271-9B49-6EF96AA9CCB5}
		{6F9E0821-D778-44A7-8EF2-6E40FCBE450C} = {D9788E4C-5AC1-4271-9B49-6EF96AA9CCB5}
		{E0D9D273-878C-42E8-87FF-B0C44C5327DC} = {13A5E5BA-D632-4F56-B358-855181F743A7}
	EndGlobalSection
	GlobalSection(ExtensibilityGlobals) = postSolution
		SolutionGuid = {0BA842E8-4C1D-4138-A1E7-60DBD9894E81}
	EndGlobalSection
EndGlobal
